hash: 64dca21683bf3b26e6fcfd1e4d34ed01ff0fb71d79fcd3df73685772c8c6f32c
updated: 2019-08-19T12:08:18.343849+08:00
imports:
- name: github.com/Azure/go-ansiterm
  version: 19f72df4d05d31cbe1c56bfc8045c96babff6c7e
  subpackages:
  - winterm
- name: github.com/davecgh/go-spew
  version: 8991bc29aa16c548c550c7ff78260e27b9ab7c73
  subpackages:
  - spew
- name: github.com/docker/distribution
  version: edc3ab29cdff8694dd6feb85cfeb4b5f1b38ed9c
  subpackages:
  - digestset
  - reference
- name: github.com/docker/docker
  version: da810a85109d7bd7ccd8f2d622556cbcfc00386b
  repo: https://github.com/openshift/moby-moby.git
  subpackages:
  - api
  - api/types
  - api/types/blkiodev
  - api/types/container
  - api/types/events
  - api/types/filters
  - api/types/image
  - api/types/mount
  - api/types/network
  - api/types/registry
  - api/types/strslice
  - api/types/swarm
  - api/types/swarm/runtime
  - api/types/time
  - api/types/versions
  - api/types/volume
  - builder/dockerfile/command
  - builder/dockerfile/parser
  - cli/config
  - client
  - pkg/homedir
  - pkg/idtools
  - pkg/ioutils
  - pkg/jsonlog
  - pkg/jsonmessage
  - pkg/longpath
  - pkg/mount
  - pkg/stdcopy
  - pkg/system
  - pkg/term
  - pkg/term/windows
  - pkg/tlsconfig
- name: github.com/docker/go-connections
  version: 7395e3f8aa162843a74ed6d48e79627d9792ac55
  subpackages:
  - nat
  - sockets
  - tlsconfig
- name: github.com/docker/go-units
  version: 9e638d38cf6977a37a8ea0078f3ee75a7cdb2dd1
- name: github.com/docker/libtrust
  version: 9cbd2a1374f46905c68a4eb3694a130610adc62a
- name: github.com/go-logr/logr
  version: 9fb12b3b21c5415d16ac18dc5cd42c1cfdd40c4e
- name: github.com/gogo/protobuf
  version: c0656edd0d9eab7c66d1eb0c568f9039345796f7
  subpackages:
  - proto
  - sortkeys
- name: github.com/golang/glog
  version: 44145f04b68cf362d9c4df2182967c2275eaefed
- name: github.com/golang/protobuf
  version: aa810b61a9c79d51363740d207bb46cf8e620ed5
  subpackages:
  - proto
  - ptypes
  - ptypes/any
  - ptypes/duration
  - ptypes/timestamp
- name: github.com/google/gofuzz
  version: 24818f796faf91cd76ec7bddd72458fbced7a6c1
- name: github.com/googleapis/gnostic
  version: 0c5108395e2debce0d731cf0287ddf7242066aba
  subpackages:
  - OpenAPIv2
  - compiler
  - extensions
- name: github.com/imdario/mergo
  version: 9316a62528ac99aaecb4e47eadd6dc8aa6533d58
- name: github.com/inconshreveable/mousetrap
  version: 76626ae9c91c4f2a10f34cad8ce83ea42c93bb75
- name: github.com/json-iterator/go
  version: ab8a2e0c74be9d3be70b3184d9acc634935ded82
- name: github.com/Microsoft/go-winio
  version: 6c72808b55902eae4c5943626030429ff20f3b63
  subpackages:
  - pkg/guid
- name: github.com/modern-go/concurrent
  version: bacd9c7ef1dd9b15be4a9909b8ac7a4e313eec94
- name: github.com/modern-go/reflect2
  version: 94122c33edd36123c84d5368cfb2b69df93a0ec8
- name: github.com/Nvveen/Gotty
  version: cd527374f1e5bff4938207604a14f2e38a9cf512
- name: github.com/opencontainers/go-digest
  version: a6d0ee40d4207ea02364bd3b9e8e77b9159ba1eb
- name: github.com/opencontainers/image-spec
  version: 372ad780f63454fbbbbcc7cf80e5b90245c13e13
  subpackages:
  - specs-go
  - specs-go/v1
- name: github.com/opencontainers/runc
  version: 4d6e6720a7c885c37b4cb083c0d372dda3425120
  subpackages:
  - libcontainer/user
- name: github.com/pkg/errors
  version: a22138067af1c4942683050411a841ade67fe1eb
- name: github.com/sirupsen/logrus
  version: 89742aefa4b206dcf400792f3bd35b542998eb3b
- name: github.com/spf13/cobra
  version: 7c674d9e72017ed25f6d2b5e497a1368086b6a6f
- name: github.com/spf13/pflag
  version: 9ff6c6923cfffbcd502984b8e0c80539a94968b7
- name: golang.org/x/crypto
  version: 81e90905daefcd6fd217b62423c0908922eadb30
  subpackages:
  - ssh/terminal
- name: golang.org/x/net
  version: 1c05540f6879653db88113bc4a2b70aec4bd491f
  subpackages:
  - context
  - context/ctxhttp
  - http2
  - http2/hpack
  - idna
  - lex/httplex
  - proxy
- name: golang.org/x/oauth2
  version: 9f3314589c9a9136388751d9adae6b0ed400978a
  subpackages:
  - internal
- name: golang.org/x/sys
  version: 7ddbeae9ae08c6a06a59597f0c9edbc5ff2444ce
  subpackages:
  - unix
  - windows
- name: golang.org/x/text
  version: e6919f6577db79269a6443b9dc46d18f2238fb5d
  subpackages:
  - secure/bidirule
  - transform
  - unicode/bidi
  - unicode/norm
- name: golang.org/x/time
  version: f51c12702a4d776e4c1fa9b0fabab841babae631
  subpackages:
  - rate
- name: google.golang.org/appengine
  version: 54a98f90d1c46b7731eb8fb305d2a321c30ef610
  subpackages:
  - internal
  - internal/base
  - internal/datastore
  - internal/log
  - internal/remote_api
  - internal/urlfetch
  - urlfetch
- name: gopkg.in/inf.v0
  version: 3887ee99ecf07df5b447e9b00d9c0b2adaa9f3e4
- name: gopkg.in/yaml.v2
  version: 5420a8b6744d3b0345ab293f6fcba19c978f1183
- name: k8s.io/api
  version: 7cf5895f2711098d7d9527db0a4a49fb0dff7de2
  subpackages:
  - admissionregistration/v1beta1
  - apps/v1
  - apps/v1beta1
  - apps/v1beta2
  - auditregistration/v1alpha1
  - authentication/v1
  - authentication/v1beta1
  - authorization/v1
  - authorization/v1beta1
  - autoscaling/v1
  - autoscaling/v2beta1
  - autoscaling/v2beta2
  - batch/v1
  - batch/v1beta1
  - batch/v2alpha1
  - certificates/v1beta1
  - coordination/v1
  - coordination/v1beta1
  - core/v1
  - events/v1beta1
  - extensions/v1beta1
  - networking/v1
  - networking/v1beta1
  - node/v1alpha1
  - node/v1beta1
  - policy/v1beta1
  - rbac/v1
  - rbac/v1alpha1
  - rbac/v1beta1
  - scheduling/v1
  - scheduling/v1alpha1
  - scheduling/v1beta1
  - settings/v1alpha1
  - storage/v1
  - storage/v1alpha1
  - storage/v1beta1
- name: k8s.io/apimachinery
  version: 1799e75a07195de9460b8ef7300883499f12127b
  subpackages:
  - pkg/api/errors
  - pkg/api/meta
  - pkg/api/resource
  - pkg/apis/meta/v1
  - pkg/apis/meta/v1/unstructured
  - pkg/conversion
  - pkg/conversion/queryparams
  - pkg/fields
  - pkg/labels
  - pkg/runtime
  - pkg/runtime/schema
  - pkg/runtime/serializer
  - pkg/runtime/serializer/json
  - pkg/runtime/serializer/protobuf
  - pkg/runtime/serializer/recognizer
  - pkg/runtime/serializer/streaming
  - pkg/runtime/serializer/versioning
  - pkg/selection
  - pkg/types
  - pkg/util/clock
  - pkg/util/errors
  - pkg/util/framer
  - pkg/util/intstr
  - pkg/util/json
  - pkg/util/naming
  - pkg/util/net
  - pkg/util/runtime
  - pkg/util/sets
  - pkg/util/validation
  - pkg/util/validation/field
  - pkg/util/yaml
  - pkg/version
  - pkg/watch
  - third_party/forked/golang/reflect
- name: k8s.io/client-go
  version: 78d2af792babf2dd937ba2e2a8d99c753a5eda89
  subpackages:
  - discovery
  - kubernetes
  - kubernetes/scheme
  - kubernetes/typed/admissionregistration/v1beta1
  - kubernetes/typed/apps/v1
  - kubernetes/typed/apps/v1beta1
  - kubernetes/typed/apps/v1beta2
  - kubernetes/typed/auditregistration/v1alpha1
  - kubernetes/typed/authentication/v1
  - kubernetes/typed/authentication/v1beta1
  - kubernetes/typed/authorization/v1
  - kubernetes/typed/authorization/v1beta1
  - kubernetes/typed/autoscaling/v1
  - kubernetes/typed/autoscaling/v2beta1
  - kubernetes/typed/autoscaling/v2beta2
  - kubernetes/typed/batch/v1
  - kubernetes/typed/batch/v1beta1
  - kubernetes/typed/batch/v2alpha1
  - kubernetes/typed/certificates/v1beta1
  - kubernetes/typed/coordination/v1
  - kubernetes/typed/coordination/v1beta1
  - kubernetes/typed/core/v1
  - kubernetes/typed/events/v1beta1
  - kubernetes/typed/extensions/v1beta1
  - kubernetes/typed/networking/v1
  - kubernetes/typed/networking/v1beta1
  - kubernetes/typed/node/v1alpha1
  - kubernetes/typed/node/v1beta1
  - kubernetes/typed/policy/v1beta1
  - kubernetes/typed/rbac/v1
  - kubernetes/typed/rbac/v1alpha1
  - kubernetes/typed/rbac/v1beta1
  - kubernetes/typed/scheduling/v1
  - kubernetes/typed/scheduling/v1alpha1
  - kubernetes/typed/scheduling/v1beta1
  - kubernetes/typed/settings/v1alpha1
  - kubernetes/typed/storage/v1
  - kubernetes/typed/storage/v1alpha1
  - kubernetes/typed/storage/v1beta1
  - pkg/apis/clientauthentication
  - pkg/apis/clientauthentication/v1alpha1
  - pkg/apis/clientauthentication/v1beta1
  - pkg/version
  - plugin/pkg/client/auth/exec
  - rest
  - rest/watch
  - tools/auth
  - tools/clientcmd
  - tools/clientcmd/api
  - tools/clientcmd/api/latest
  - tools/clientcmd/api/v1
  - tools/metrics
  - tools/reference
  - transport
  - util/cert
  - util/connrotation
  - util/flowcontrol
  - util/homedir
  - util/keyutil
- name: k8s.io/klog
  version: 89e63fd5117f8c20208186ef85f096703a280c20
- name: k8s.io/utils
  version: c2654d5206da6b7b6ace12841e8f359bb89b443c
  subpackages:
  - integer
- name: sigs.k8s.io/controller-runtime
  version: 8941d18f48f7f27a939031df9bb891f733cc6726
  subpackages:
  - pkg/client/config
  - pkg/internal/log
  - pkg/log
- name: sigs.k8s.io/yaml
  version: fd68e9863619f6ec2fdd8625fe1f02e7c877e480
testImports: []
